// !$*UTF8*$!
{
	archiveVersion = 1;
	classes = {
	};
	objectVersion = 56;
	objects = {

/* Begin PBXBuildFile section */
		E9A9476B2CD27711002D6B43 /* FinChartsAppApp.swift in Sources */ = {isa = PBXBuildFile; fileRef = E9A9476A2CD27711002D6B43 /* FinChartsAppApp.swift */; };
		E9A9476D2CD27711002D6B43 /* ContentView.swift in Sources */ = {isa = PBXBuildFile; fileRef = E9A9476C2CD27711002D6B43 /* ContentView.swift */; };
		E9A9476F2CD27716002D6B43 /* Assets.xcassets in Resources */ = {isa = PBXBuildFile; fileRef = E9A9476E2CD27716002D6B43 /* Assets.xcassets */; };
		E9A947722CD27716002D6B43 /* Preview Assets.xcassets in Resources */ = {isa = PBXBuildFile; fileRef = E9A947712CD27716002D6B43 /* Preview Assets.xcassets */; };
		E9A9477B2CD27A0F002D6B43 /* HTTPClient.swift in Sources */ = {isa = PBXBuildFile; fileRef = E9A9477A2CD27A0F002D6B43 /* HTTPClient.swift */; };
		E9A9477D2CD27A1D002D6B43 /* APIEndpoint.swift in Sources */ = {isa = PBXBuildFile; fileRef = E9A9477C2CD27A1D002D6B43 /* APIEndpoint.swift */; };
		E9A9477F2CD27A33002D6B43 /* Endpoint.swift in Sources */ = {isa = PBXBuildFile; fileRef = E9A9477E2CD27A33002D6B43 /* Endpoint.swift */; };
		E9A947812CD27A46002D6B43 /* HTTPMethod.swift in Sources */ = {isa = PBXBuildFile; fileRef = E9A947802CD27A46002D6B43 /* HTTPMethod.swift */; };
		E9A947832CD27A54002D6B43 /* NetworkError.swift in Sources */ = {isa = PBXBuildFile; fileRef = E9A947822CD27A54002D6B43 /* NetworkError.swift */; };
		E9A947852CD27A61002D6B43 /* APIConfiguration.swift in Sources */ = {isa = PBXBuildFile; fileRef = E9A947842CD27A61002D6B43 /* APIConfiguration.swift */; };
		E9A947892CD27BDA002D6B43 /* AuthService.swift in Sources */ = {isa = PBXBuildFile; fileRef = E9A947882CD27BDA002D6B43 /* AuthService.swift */; };
		E9A9478C2CD27CA4002D6B43 /* KeychainService.swift in Sources */ = {isa = PBXBuildFile; fileRef = E9A9478B2CD27CA4002D6B43 /* KeychainService.swift */; };
		E9A9478F2CD27D10002D6B43 /* AuthResponse.swift in Sources */ = {isa = PBXBuildFile; fileRef = E9A9478E2CD27D10002D6B43 /* AuthResponse.swift */; };
		E9A947922CD27F0B002D6B43 /* MarketDataService.swift in Sources */ = {isa = PBXBuildFile; fileRef = E9A947912CD27F0B002D6B43 /* MarketDataService.swift */; };
		E9A947942CD27F21002D6B43 /* HistoricalDataResponse.swift in Sources */ = {isa = PBXBuildFile; fileRef = E9A947932CD27F21002D6B43 /* HistoricalDataResponse.swift */; };
		E9A947962CD27F71002D6B43 /* AssetsResponse.swift in Sources */ = {isa = PBXBuildFile; fileRef = E9A947952CD27F71002D6B43 /* AssetsResponse.swift */; };
		E9A947992CD281D4002D6B43 /* MarketWebSocketManager.swift in Sources */ = {isa = PBXBuildFile; fileRef = E9A947982CD281D4002D6B43 /* MarketWebSocketManager.swift */; };
/* End PBXBuildFile section */

/* Begin PBXFileReference section */
		E9A947672CD27711002D6B43 /* FinChartsApp.app */ = {isa = PBXFileReference; explicitFileType = wrapper.application; includeInIndex = 0; path = FinChartsApp.app; sourceTree = BUILT_PRODUCTS_DIR; };
		E9A9476A2CD27711002D6B43 /* FinChartsAppApp.swift */ = {isa = PBXFileReference; lastKnownFileType = sourcecode.swift; path = FinChartsAppApp.swift; sourceTree = "<group>"; };
		E9A9476C2CD27711002D6B43 /* ContentView.swift */ = {isa = PBXFileReference; lastKnownFileType = sourcecode.swift; path = ContentView.swift; sourceTree = "<group>"; };
		E9A9476E2CD27716002D6B43 /* Assets.xcassets */ = {isa = PBXFileReference; lastKnownFileType = folder.assetcatalog; path = Assets.xcassets; sourceTree = "<group>"; };
		E9A947712CD27716002D6B43 /* Preview Assets.xcassets */ = {isa = PBXFileReference; lastKnownFileType = folder.assetcatalog; path = "Preview Assets.xcassets"; sourceTree = "<group>"; };
		E9A9477A2CD27A0F002D6B43 /* HTTPClient.swift */ = {isa = PBXFileReference; lastKnownFileType = sourcecode.swift; path = HTTPClient.swift; sourceTree = "<group>"; };
		E9A9477C2CD27A1D002D6B43 /* APIEndpoint.swift */ = {isa = PBXFileReference; lastKnownFileType = sourcecode.swift; path = APIEndpoint.swift; sourceTree = "<group>"; };
		E9A9477E2CD27A33002D6B43 /* Endpoint.swift */ = {isa = PBXFileReference; lastKnownFileType = sourcecode.swift; path = Endpoint.swift; sourceTree = "<group>"; };
		E9A947802CD27A46002D6B43 /* HTTPMethod.swift */ = {isa = PBXFileReference; lastKnownFileType = sourcecode.swift; path = HTTPMethod.swift; sourceTree = "<group>"; };
		E9A947822CD27A54002D6B43 /* NetworkError.swift */ = {isa = PBXFileReference; lastKnownFileType = sourcecode.swift; path = NetworkError.swift; sourceTree = "<group>"; };
		E9A947842CD27A61002D6B43 /* APIConfiguration.swift */ = {isa = PBXFileReference; lastKnownFileType = sourcecode.swift; path = APIConfiguration.swift; sourceTree = "<group>"; };
		E9A947882CD27BDA002D6B43 /* AuthService.swift */ = {isa = PBXFileReference; lastKnownFileType = sourcecode.swift; path = AuthService.swift; sourceTree = "<group>"; };
		E9A9478B2CD27CA4002D6B43 /* KeychainService.swift */ = {isa = PBXFileReference; lastKnownFileType = sourcecode.swift; path = KeychainService.swift; sourceTree = "<group>"; };
		E9A9478E2CD27D10002D6B43 /* AuthResponse.swift */ = {isa = PBXFileReference; lastKnownFileType = sourcecode.swift; path = AuthResponse.swift; sourceTree = "<group>"; };
		E9A947912CD27F0B002D6B43 /* MarketDataService.swift */ = {isa = PBXFileReference; lastKnownFileType = sourcecode.swift; path = MarketDataService.swift; sourceTree = "<group>"; };
		E9A947932CD27F21002D6B43 /* HistoricalDataResponse.swift */ = {isa = PBXFileReference; lastKnownFileType = sourcecode.swift; path = HistoricalDataResponse.swift; sourceTree = "<group>"; };
		E9A947952CD27F71002D6B43 /* AssetsResponse.swift */ = {isa = PBXFileReference; lastKnownFileType = sourcecode.swift; path = AssetsResponse.swift; sourceTree = "<group>"; };
		E9A947982CD281D4002D6B43 /* MarketWebSocketManager.swift */ = {isa = PBXFileReference; lastKnownFileType = sourcecode.swift; path = MarketWebSocketManager.swift; sourceTree = "<group>"; };
/* End PBXFileReference section */

/* Begin PBXFrameworksBuildPhase section */
		E9A947642CD27711002D6B43 /* Frameworks */ = {
			isa = PBXFrameworksBuildPhase;
			buildActionMask = 2147483647;
			files = (
			);
			runOnlyForDeploymentPostprocessing = 0;
		};
/* End PBXFrameworksBuildPhase section */

/* Begin PBXGroup section */
		E9A9475E2CD27711002D6B43 = {
			isa = PBXGroup;
			children = (
				E9A947692CD27711002D6B43 /* FinChartsApp */,
				E9A947682CD27711002D6B43 /* Products */,
			);
			sourceTree = "<group>";
		};
		E9A947682CD27711002D6B43 /* Products */ = {
			isa = PBXGroup;
			children = (
				E9A947672CD27711002D6B43 /* FinChartsApp.app */,
			);
			name = Products;
			sourceTree = "<group>";
		};
		E9A947692CD27711002D6B43 /* FinChartsApp */ = {
			isa = PBXGroup;
			children = (
				E9A947782CD279D1002D6B43 /* Common */,
				E9A9476A2CD27711002D6B43 /* FinChartsAppApp.swift */,
				E9A9476C2CD27711002D6B43 /* ContentView.swift */,
				E9A9476E2CD27716002D6B43 /* Assets.xcassets */,
				E9A947702CD27716002D6B43 /* Preview Content */,
			);
			path = FinChartsApp;
			sourceTree = "<group>";
		};
		E9A947702CD27716002D6B43 /* Preview Content */ = {
			isa = PBXGroup;
			children = (
				E9A947712CD27716002D6B43 /* Preview Assets.xcassets */,
			);
			path = "Preview Content";
			sourceTree = "<group>";
		};
		E9A947782CD279D1002D6B43 /* Common */ = {
			isa = PBXGroup;
			children = (
				E9A9478A2CD27C7F002D6B43 /* Keychain */,
				E9A947792CD279D7002D6B43 /* Networking */,
			);
			path = Common;
			sourceTree = "<group>";
		};
		E9A947792CD279D7002D6B43 /* Networking */ = {
			isa = PBXGroup;
			children = (
				E9A947972CD281B8002D6B43 /* MarketWebSocketManager */,
				E9A947902CD27EF3002D6B43 /* MarketDataService */,
				E9A9478D2CD27D03002D6B43 /* Models */,
				E9A947872CD27B79002D6B43 /* Authorization */,
				E9A947862CD27AB9002D6B43 /* Common */,
			);
			path = Networking;
			sourceTree = "<group>";
		};
		E9A947862CD27AB9002D6B43 /* Common */ = {
			isa = PBXGroup;
			children = (
				E9A947842CD27A61002D6B43 /* APIConfiguration.swift */,
				E9A9477C2CD27A1D002D6B43 /* APIEndpoint.swift */,
				E9A9477E2CD27A33002D6B43 /* Endpoint.swift */,
				E9A9477A2CD27A0F002D6B43 /* HTTPClient.swift */,
				E9A947802CD27A46002D6B43 /* HTTPMethod.swift */,
				E9A947822CD27A54002D6B43 /* NetworkError.swift */,
			);
			path = Common;
			sourceTree = "<group>";
		};
		E9A947872CD27B79002D6B43 /* Authorization */ = {
			isa = PBXGroup;
			children = (
				E9A947882CD27BDA002D6B43 /* AuthService.swift */,
			);
			path = Authorization;
			sourceTree = "<group>";
		};
		E9A9478A2CD27C7F002D6B43 /* Keychain */ = {
			isa = PBXGroup;
			children = (
				E9A9478B2CD27CA4002D6B43 /* KeychainService.swift */,
			);
			path = Keychain;
			sourceTree = "<group>";
		};
		E9A9478D2CD27D03002D6B43 /* Models */ = {
			isa = PBXGroup;
			children = (
				E9A947952CD27F71002D6B43 /* AssetsResponse.swift */,
				E9A9478E2CD27D10002D6B43 /* AuthResponse.swift */,
				E9A947932CD27F21002D6B43 /* HistoricalDataResponse.swift */,
			);
			path = Models;
			sourceTree = "<group>";
		};
		E9A947902CD27EF3002D6B43 /* MarketDataService */ = {
			isa = PBXGroup;
			children = (
				E9A947912CD27F0B002D6B43 /* MarketDataService.swift */,
			);
			path = MarketDataService;
			sourceTree = "<group>";
		};
		E9A947972CD281B8002D6B43 /* MarketWebSocketManager */ = {
			isa = PBXGroup;
			children = (
				E9A947982CD281D4002D6B43 /* MarketWebSocketManager.swift */,
			);
			path = MarketWebSocketManager;
			sourceTree = "<group>";
		};
/* End PBXGroup section */

/* Begin PBXNativeTarget section */
		E9A947662CD27711002D6B43 /* FinChartsApp */ = {
			isa = PBXNativeTarget;
			buildConfigurationList = E9A947752CD27716002D6B43 /* Build configuration list for PBXNativeTarget "FinChartsApp" */;
			buildPhases = (
				E9A947632CD27711002D6B43 /* Sources */,
				E9A947642CD27711002D6B43 /* Frameworks */,
				E9A947652CD27711002D6B43 /* Resources */,
			);
			buildRules = (
			);
			dependencies = (
			);
			name = FinChartsApp;
			productName = FinChartsApp;
			productReference = E9A947672CD27711002D6B43 /* FinChartsApp.app */;
			productType = "com.apple.product-type.application";
		};
/* End PBXNativeTarget section */

/* Begin PBXProject section */
		E9A9475F2CD27711002D6B43 /* Project object */ = {
			isa = PBXProject;
			attributes = {
				BuildIndependentTargetsInParallel = 1;
				LastSwiftUpdateCheck = 1540;
				LastUpgradeCheck = 1540;
				TargetAttributes = {
					E9A947662CD27711002D6B43 = {
						CreatedOnToolsVersion = 15.4;
					};
				};
			};
			buildConfigurationList = E9A947622CD27711002D6B43 /* Build configuration list for PBXProject "FinChartsApp" */;
			compatibilityVersion = "Xcode 14.0";
			developmentRegion = en;
			hasScannedForEncodings = 0;
			knownRegions = (
				en,
				Base,
			);
			mainGroup = E9A9475E2CD27711002D6B43;
			productRefGroup = E9A947682CD27711002D6B43 /* Products */;
			projectDirPath = "";
			projectRoot = "";
			targets = (
				E9A947662CD27711002D6B43 /* FinChartsApp */,
			);
		};
/* End PBXProject section */

/* Begin PBXResourcesBuildPhase section */
		E9A947652CD27711002D6B43 /* Resources */ = {
			isa = PBXResourcesBuildPhase;
			buildActionMask = 2147483647;
			files = (
				E9A947722CD27716002D6B43 /* Preview Assets.xcassets in Resources */,
				E9A9476F2CD27716002D6B43 /* Assets.xcassets in Resources */,
			);
			runOnlyForDeploymentPostprocessing = 0;
		};
/* End PBXResourcesBuildPhase section */

/* Begin PBXSourcesBuildPhase section */
		E9A947632CD27711002D6B43 /* Sources */ = {
			isa = PBXSourcesBuildPhase;
			buildActionMask = 2147483647;
			files = (
				E9A9476D2CD27711002D6B43 /* ContentView.swift in Sources */,
				E9A947942CD27F21002D6B43 /* HistoricalDataResponse.swift in Sources */,
				E9A947832CD27A54002D6B43 /* NetworkError.swift in Sources */,
				E9A9476B2CD27711002D6B43 /* FinChartsAppApp.swift in Sources */,
				E9A9478C2CD27CA4002D6B43 /* KeychainService.swift in Sources */,
				E9A947892CD27BDA002D6B43 /* AuthService.swift in Sources */,
				E9A947922CD27F0B002D6B43 /* MarketDataService.swift in Sources */,
				E9A947852CD27A61002D6B43 /* APIConfiguration.swift in Sources */,
				E9A947812CD27A46002D6B43 /* HTTPMethod.swift in Sources */,
				E9A947992CD281D4002D6B43 /* MarketWebSocketManager.swift in Sources */,
				E9A947962CD27F71002D6B43 /* AssetsResponse.swift in Sources */,
				E9A9477B2CD27A0F002D6B43 /* HTTPClient.swift in Sources */,
				E9A9478F2CD27D10002D6B43 /* AuthResponse.swift in Sources */,
				E9A9477D2CD27A1D002D6B43 /* APIEndpoint.swift in Sources */,
				E9A9477F2CD27A33002D6B43 /* Endpoint.swift in Sources */,
			);
			runOnlyForDeploymentPostprocessing = 0;
		};
/* End PBXSourcesBuildPhase section */

/* Begin XCBuildConfiguration section */
		E9A947732CD27716002D6B43 /* Debug */ = {
			isa = XCBuildConfiguration;
			buildSettings = {
				ALWAYS_SEARCH_USER_PATHS = NO;
				ASSETCATALOG_COMPILER_GENERATE_SWIFT_ASSET_SYMBOL_EXTENSIONS = YES;
				CLANG_ANALYZER_NONNULL = YES;
				CLANG_ANALYZER_NUMBER_OBJECT_CONVERSION = YES_AGGRESSIVE;
				CLANG_CXX_LANGUAGE_STANDARD = "gnu++20";
				CLANG_ENABLE_MODULES = YES;
				CLANG_ENABLE_OBJC_ARC = YES;
				CLANG_ENABLE_OBJC_WEAK = YES;
				CLANG_WARN_BLOCK_CAPTURE_AUTORELEASING = YES;
				CLANG_WARN_BOOL_CONVERSION = YES;
				CLANG_WARN_COMMA = YES;
				CLANG_WARN_CONSTANT_CONVERSION = YES;
				CLANG_WARN_DEPRECATED_OBJC_IMPLEMENTATIONS = YES;
				CLANG_WARN_DIRECT_OBJC_ISA_USAGE = YES_ERROR;
				CLANG_WARN_DOCUMENTATION_COMMENTS = YES;
				CLANG_WARN_EMPTY_BODY = YES;
				CLANG_WARN_ENUM_CONVERSION = YES;
				CLANG_WARN_INFINITE_RECURSION = YES;
				CLANG_WARN_INT_CONVERSION = YES;
				CLANG_WARN_NON_LITERAL_NULL_CONVERSION = YES;
				CLANG_WARN_OBJC_IMPLICIT_RETAIN_SELF = YES;
				CLANG_WARN_OBJC_LITERAL_CONVERSION = YES;
				CLANG_WARN_OBJC_ROOT_CLASS = YES_ERROR;
				CLANG_WARN_QUOTED_INCLUDE_IN_FRAMEWORK_HEADER = YES;
				CLANG_WARN_RANGE_LOOP_ANALYSIS = YES;
				CLANG_WARN_STRICT_PROTOTYPES = YES;
				CLANG_WARN_SUSPICIOUS_MOVE = YES;
				CLANG_WARN_UNGUARDED_AVAILABILITY = YES_AGGRESSIVE;
				CLANG_WARN_UNREACHABLE_CODE = YES;
				CLANG_WARN__DUPLICATE_METHOD_MATCH = YES;
				COPY_PHASE_STRIP = NO;
				DEBUG_INFORMATION_FORMAT = dwarf;
				ENABLE_STRICT_OBJC_MSGSEND = YES;
				ENABLE_TESTABILITY = YES;
				ENABLE_USER_SCRIPT_SANDBOXING = YES;
				GCC_C_LANGUAGE_STANDARD = gnu17;
				GCC_DYNAMIC_NO_PIC = NO;
				GCC_NO_COMMON_BLOCKS = YES;
				GCC_OPTIMIZATION_LEVEL = 0;
				GCC_PREPROCESSOR_DEFINITIONS = (
					"DEBUG=1",
					"$(inherited)",
				);
				GCC_WARN_64_TO_32_BIT_CONVERSION = YES;
				GCC_WARN_ABOUT_RETURN_TYPE = YES_ERROR;
				GCC_WARN_UNDECLARED_SELECTOR = YES;
				GCC_WARN_UNINITIALIZED_AUTOS = YES_AGGRESSIVE;
				GCC_WARN_UNUSED_FUNCTION = YES;
				GCC_WARN_UNUSED_VARIABLE = YES;
				IPHONEOS_DEPLOYMENT_TARGET = 17.5;
				LOCALIZATION_PREFERS_STRING_CATALOGS = YES;
				MTL_ENABLE_DEBUG_INFO = INCLUDE_SOURCE;
				MTL_FAST_MATH = YES;
				ONLY_ACTIVE_ARCH = YES;
				SDKROOT = iphoneos;
				SWIFT_ACTIVE_COMPILATION_CONDITIONS = "DEBUG $(inherited)";
				SWIFT_OPTIMIZATION_LEVEL = "-Onone";
			};
			name = Debug;
		};
		E9A947742CD27716002D6B43 /* Release */ = {
			isa = XCBuildConfiguration;
			buildSettings = {
				ALWAYS_SEARCH_USER_PATHS = NO;
				ASSETCATALOG_COMPILER_GENERATE_SWIFT_ASSET_SYMBOL_EXTENSIONS = YES;
				CLANG_ANALYZER_NONNULL = YES;
				CLANG_ANALYZER_NUMBER_OBJECT_CONVERSION = YES_AGGRESSIVE;
				CLANG_CXX_LANGUAGE_STANDARD = "gnu++20";
				CLANG_ENABLE_MODULES = YES;
				CLANG_ENABLE_OBJC_ARC = YES;
				CLANG_ENABLE_OBJC_WEAK = YES;
				CLANG_WARN_BLOCK_CAPTURE_AUTORELEASING = YES;
				CLANG_WARN_BOOL_CONVERSION = YES;
				CLANG_WARN_COMMA = YES;
				CLANG_WARN_CONSTANT_CONVERSION = YES;
				CLANG_WARN_DEPRECATED_OBJC_IMPLEMENTATIONS = YES;
				CLANG_WARN_DIRECT_OBJC_ISA_USAGE = YES_ERROR;
				CLANG_WARN_DOCUMENTATION_COMMENTS = YES;
				CLANG_WARN_EMPTY_BODY = YES;
				CLANG_WARN_ENUM_CONVERSION = YES;
				CLANG_WARN_INFINITE_RECURSION = YES;
				CLANG_WARN_INT_CONVERSION = YES;
				CLANG_WARN_NON_LITERAL_NULL_CONVERSION = YES;
				CLANG_WARN_OBJC_IMPLICIT_RETAIN_SELF = YES;
				CLANG_WARN_OBJC_LITERAL_CONVERSION = YES;
				CLANG_WARN_OBJC_ROOT_CLASS = YES_ERROR;
				CLANG_WARN_QUOTED_INCLUDE_IN_FRAMEWORK_HEADER = YES;
				CLANG_WARN_RANGE_LOOP_ANALYSIS = YES;
				CLANG_WARN_STRICT_PROTOTYPES = YES;
				CLANG_WARN_SUSPICIOUS_MOVE = YES;
				CLANG_WARN_UNGUARDED_AVAILABILITY = YES_AGGRESSIVE;
				CLANG_WARN_UNREACHABLE_CODE = YES;
				CLANG_WARN__DUPLICATE_METHOD_MATCH = YES;
				COPY_PHASE_STRIP = NO;
				DEBUG_INFORMATION_FORMAT = "dwarf-with-dsym";
				ENABLE_NS_ASSERTIONS = NO;
				ENABLE_STRICT_OBJC_MSGSEND = YES;
				ENABLE_USER_SCRIPT_SANDBOXING = YES;
				GCC_C_LANGUAGE_STANDARD = gnu17;
				GCC_NO_COMMON_BLOCKS = YES;
				GCC_WARN_64_TO_32_BIT_CONVERSION = YES;
				GCC_WARN_ABOUT_RETURN_TYPE = YES_ERROR;
				GCC_WARN_UNDECLARED_SELECTOR = YES;
				GCC_WARN_UNINITIALIZED_AUTOS = YES_AGGRESSIVE;
				GCC_WARN_UNUSED_FUNCTION = YES;
				GCC_WARN_UNUSED_VARIABLE = YES;
				IPHONEOS_DEPLOYMENT_TARGET = 17.5;
				LOCALIZATION_PREFERS_STRING_CATALOGS = YES;
				MTL_ENABLE_DEBUG_INFO = NO;
				MTL_FAST_MATH = YES;
				SDKROOT = iphoneos;
				SWIFT_COMPILATION_MODE = wholemodule;
				VALIDATE_PRODUCT = YES;
			};
			name = Release;
		};
		E9A947762CD27716002D6B43 /* Debug */ = {
			isa = XCBuildConfiguration;
			buildSettings = {
				ASSETCATALOG_COMPILER_APPICON_NAME = AppIcon;
				ASSETCATALOG_COMPILER_GLOBAL_ACCENT_COLOR_NAME = AccentColor;
				CODE_SIGN_STYLE = Automatic;
				CURRENT_PROJECT_VERSION = 1;
				DEVELOPMENT_ASSET_PATHS = "\"FinChartsApp/Preview Content\"";
				DEVELOPMENT_TEAM = H7FZ5R94DD;
				ENABLE_PREVIEWS = YES;
				GENERATE_INFOPLIST_FILE = YES;
				INFOPLIST_KEY_UIApplicationSceneManifest_Generation = YES;
				INFOPLIST_KEY_UIApplicationSupportsIndirectInputEvents = YES;
				INFOPLIST_KEY_UILaunchScreen_Generation = YES;
				INFOPLIST_KEY_UISupportedInterfaceOrientations_iPad = "UIInterfaceOrientationPortrait UIInterfaceOrientationPortraitUpsideDown UIInterfaceOrientationLandscapeLeft UIInterfaceOrientationLandscapeRight";
				INFOPLIST_KEY_UISupportedInterfaceOrientations_iPhone = "UIInterfaceOrientationPortrait UIInterfaceOrientationLandscapeLeft UIInterfaceOrientationLandscapeRight";
				LD_RUNPATH_SEARCH_PATHS = (
					"$(inherited)",
					"@executable_path/Frameworks",
				);
				MARKETING_VERSION = 1.0;
				PRODUCT_BUNDLE_IDENTIFIER = com.pavela.FinChartsApp;
				PRODUCT_NAME = "$(TARGET_NAME)";
				SWIFT_EMIT_LOC_STRINGS = YES;
				SWIFT_VERSION = 5.0;
				TARGETED_DEVICE_FAMILY = "1,2";
			};
			name = Debug;
		};
		E9A947772CD27716002D6B43 /* Release */ = {
			isa = XCBuildConfiguration;
			buildSettings = {
				ASSETCATALOG_COMPILER_APPICON_NAME = AppIcon;
				ASSETCATALOG_COMPILER_GLOBAL_ACCENT_COLOR_NAME = AccentColor;
				CODE_SIGN_STYLE = Automatic;
				CURRENT_PROJECT_VERSION = 1;
				DEVELOPMENT_ASSET_PATHS = "\"FinChartsApp/Preview Content\"";
				DEVELOPMENT_TEAM = H7FZ5R94DD;
				ENABLE_PREVIEWS = YES;
				GENERATE_INFOPLIST_FILE = YES;
				INFOPLIST_KEY_UIApplicationSceneManifest_Generation = YES;
				INFOPLIST_KEY_UIApplicationSupportsIndirectInputEvents = YES;
				INFOPLIST_KEY_UILaunchScreen_Generation = YES;
				INFOPLIST_KEY_UISupportedInterfaceOrientations_iPad = "UIInterfaceOrientationPortrait UIInterfaceOrientationPortraitUpsideDown UIInterfaceOrientationLandscapeLeft UIInterfaceOrientationLandscapeRight";
				INFOPLIST_KEY_UISupportedInterfaceOrientations_iPhone = "UIInterfaceOrientationPortrait UIInterfaceOrientationLandscapeLeft UIInterfaceOrientationLandscapeRight";
				LD_RUNPATH_SEARCH_PATHS = (
					"$(inherited)",
					"@executable_path/Frameworks",
				);
				MARKETING_VERSION = 1.0;
				PRODUCT_BUNDLE_IDENTIFIER = com.pavela.FinChartsApp;
				PRODUCT_NAME = "$(TARGET_NAME)";
				SWIFT_EMIT_LOC_STRINGS = YES;
				SWIFT_VERSION = 5.0;
				TARGETED_DEVICE_FAMILY = "1,2";
			};
			name = Release;
		};
/* End XCBuildConfiguration section */

/* Begin XCConfigurationList section */
		E9A947622CD27711002D6B43 /* Build configuration list for PBXProject "FinChartsApp" */ = {
			isa = XCConfigurationList;
			buildConfigurations = (
				E9A947732CD27716002D6B43 /* Debug */,
				E9A947742CD27716002D6B43 /* Release */,
			);
			defaultConfigurationIsVisible = 0;
			defaultConfigurationName = Release;
		};
		E9A947752CD27716002D6B43 /* Build configuration list for PBXNativeTarget "FinChartsApp" */ = {
			isa = XCConfigurationList;
			buildConfigurations = (
				E9A947762CD27716002D6B43 /* Debug */,
				E9A947772CD27716002D6B43 /* Release */,
			);
			defaultConfigurationIsVisible = 0;
			defaultConfigurationName = Release;
		};
/* End XCConfigurationList section */
	};
	rootObject = E9A9475F2CD27711002D6B43 /* Project object */;
}
